Microsoft Visual Studio Solution File, Format Version 11.00
# Visual Studio 2008

Project("{A3235C06-B352-A108-0B4A-1A07A6990E76}") = "Ink (1GAM #1)", "Assembly-CSharp.csproj", "{CBE4ABDA-A3B8-F5ED-3D7A-C6ABD5819080}"
EndProject
Global
	GlobalSection(SolutionConfigurationPlatforms) = preSolution
		Debug|Any CPU = Debug|Any CPU
		Release|Any CPU = Release|Any CPU
	EndGlobalSection
	GlobalSection(ProjectConfigurationPlatforms) = postSolution
		{CBE4ABDA-A3B8-F5ED-3D7A-C6ABD5819080}.Debug|Any CPU.ActiveCfg = Debug|Any CPU
		{CBE4ABDA-A3B8-F5ED-3D7A-C6ABD5819080}.Debug|Any CPU.Build.0 = Debug|Any CPU
		{CBE4ABDA-A3B8-F5ED-3D7A-C6ABD5819080}.Release|Any CPU.ActiveCfg = Release|Any CPU
		{CBE4ABDA-A3B8-F5ED-3D7A-C6ABD5819080}.Release|Any CPU.Build.0 = Release|Any CPU
	EndGlobalSection
	GlobalSection(SolutionProperties) = preSolution
		HideSolutionNode = FALSE
	EndGlobalSection
	GlobalSection(MonoDevelopProperties) = preSolution
		StartupItem = Assembly-CSharp.csproj
	EndGlobalSection
EndGlobal
